{
    "_readme": [
        "This file locks the dependencies of your project to a known state",
        "Read more about it at https://getcomposer.org/doc/01-basic-usage.md#composer-lock-the-lock-file",
        "This file is @generated automatically"
    ],
    "hash": "c4d777ccc56fc21b25f6fbe28f6b0266",
    "content-hash": "9b85442be079dc3857dfd1e2cc0ee0e6",
    "packages": [],
    "packages-dev": [],
    "aliases": [],
    "minimum-stability": "stable",
    "stability-flags": [],
    "prefer-stable": false,
    "prefer-lowest": false,
    "platform": {
        "php": ">=5.3.0",
        "ext-imagick": "*",
        "ext-gd": "*"
    },
    "platform-dev": []
}
